
Microsoft Visual Studio Solution File, Format Version 12.00
# Visual Studio 15
VisualStudioVersion = 15.0.28307.2092
MinimumVisualStudioVersion = 10.0.40219.1
Project("{9A19103F-16F7-4668-BE54-9A1E7A4F7556}") = "CasaDoCodigo", "Projeto\CasaDoCodigo\CasaDoCodigo.csproj", "{5191C907-E324-44EE-8DFF-C0E8DF994709}"
EndProject
Global
	GlobalSection(SolutionConfigurationPlatforms) = preSolution
		Debug|Any CPU = Debug|Any CPU
		Release|Any CPU = Release|Any CPU
	EndGlobalSection
	GlobalSection(ProjectConfigurationPlatforms) = postSolution
		{5191C907-E324-44EE-8DFF-C0E8DF994709}.Debug|Any CPU.ActiveCfg = Debug|Any CPU
		{5191C907-E324-44EE-8DFF-C0E8DF994709}.Debug|Any CPU.Build.0 = Debug|Any CPU
		{5191C907-E324-44EE-8DFF-C0E8DF994709}.Release|Any CPU.ActiveCfg = Release|Any CPU
		{5191C907-E324-44EE-8DFF-C0E8DF994709}.Release|Any CPU.Build.0 = Release|Any CPU
	EndGlobalSection
	GlobalSection(SolutionProperties) = preSolution
		HideSolutionNode = FALSE
	EndGlobalSection
	GlobalSection(ExtensibilityGlobals) = postSolution
		SolutionGuid = {340C38A4-A6EB-47E4-8139-A036DD546E33}
	EndGlobalSection
EndGlobal
